
Microsoft Visual Studio Solution File, Format Version 12.00
# Visual Studio Version 17
VisualStudioVersion = 17.7.34003.232
MinimumVisualStudioVersion = 10.0.40219.1
Project("{9A19103F-16F7-4668-BE54-9A1E7A4F7556}") = "MovieService", "MovieService\MovieService.csproj", "{7B4463AA-0A9D-446F-A8A8-AAAFE6EAE5CC}"
EndProject
Project("{FAE04EC0-301F-11D3-BF4B-00C04F79EFBC}") = "ActorsService", "ActorsService\ActorsService.csproj", "{ADC104A0-8C06-40B3-90B3-8BD9C3939D67}"
EndProject
Global
	GlobalSection(SolutionConfigurationPlatforms) = preSolution
		Debug|Any CPU = Debug|Any CPU
		Release|Any CPU = Release|Any CPU
	EndGlobalSection
	GlobalSection(ProjectConfigurationPlatforms) = postSolution
		{7B4463AA-0A9D-446F-A8A8-AAAFE6EAE5CC}.Debug|Any CPU.ActiveCfg = Debug|Any CPU
		{7B4463AA-0A9D-446F-A8A8-AAAFE6EAE5CC}.Debug|Any CPU.Build.0 = Debug|Any CPU
		{7B4463AA-0A9D-446F-A8A8-AAAFE6EAE5CC}.Release|Any CPU.ActiveCfg = Release|Any CPU
		{7B4463AA-0A9D-446F-A8A8-AAAFE6EAE5CC}.Release|Any CPU.Build.0 = Release|Any CPU
		{ADC104A0-8C06-40B3-90B3-8BD9C3939D67}.Debug|Any CPU.ActiveCfg = Debug|Any CPU
		{ADC104A0-8C06-40B3-90B3-8BD9C3939D67}.Debug|Any CPU.Build.0 = Debug|Any CPU
		{ADC104A0-8C06-40B3-90B3-8BD9C3939D67}.Release|Any CPU.ActiveCfg = Release|Any CPU
		{ADC104A0-8C06-40B3-90B3-8BD9C3939D67}.Release|Any CPU.Build.0 = Release|Any CPU
	EndGlobalSection
	GlobalSection(SolutionProperties) = preSolution
		HideSolutionNode = FALSE
	EndGlobalSection
	GlobalSection(ExtensibilityGlobals) = postSolution
		SolutionGuid = {D527995A-0AF3-42BC-AF04-713D8DF6EFD9}
	EndGlobalSection
EndGlobal
